
Microsoft Visual Studio Solution File, Format Version 12.00
# Visual Studio Version 17
VisualStudioVersion = 17.3.32901.215
MinimumVisualStudioVersion = 15.0.26124.0
Project("{2150E333-8FDC-42A3-9474-1A3956D46DE8}") = "Apps", "Apps", "{D638410D-08F3-4042-85CD-1A12F58C06D8}"
EndProject
Project("{2150E333-8FDC-42A3-9474-1A3956D46DE8}") = "Common", "Common", "{27A946BF-09D5-4B8D-B71F-BE4E6FCEACF0}"
EndProject
Project("{9A19103F-16F7-4668-BE54-9A1E7A4F7556}") = "ContactKeeper.Application.UnitTests", "tests\ContactKeeper.Aplication.UnitTests\ContactKeeper.Application.UnitTests.csproj", "{B8F5DCCC-7C6F-4294-907F-BA27EFEAD853}"
EndProject
Project("{9A19103F-16F7-4668-BE54-9A1E7A4F7556}") = "ContactKeeper.Application.IntegrationTests", "tests\ContactKeeper.Application.IntegrationTests\ContactKeeper.Application.IntegrationTests.csproj", "{C50A1D83-C039-4420-9AFE-C497C07E01D2}"
EndProject
Project("{9A19103F-16F7-4668-BE54-9A1E7A4F7556}") = "ContactKeeper.Domain.UnitTests", "tests\ContactKeeper.Domain.UnitTests\ContactKeeper.Domain.UnitTests.csproj", "{1F78AFCE-8B7B-4A98-A09D-BE185694488F}"
EndProject
Project("{2150E333-8FDC-42A3-9474-1A3956D46DE8}") = "src", "src", "{D2A70E84-194F-4531-AA81-82729A26F364}"
EndProject
Project("{2150E333-8FDC-42A3-9474-1A3956D46DE8}") = "tests", "tests", "{F8A7E80E-BA7E-40A5-A950-D63ABA0EC731}"
EndProject
Project("{9A19103F-16F7-4668-BE54-9A1E7A4F7556}") = "ContactKeeper.Api", "src\Apps\ContactKeeper.Api\ContactKeeper.Api.csproj", "{FC8F94B3-73D3-42E6-81C8-D1061F3F0CA5}"
EndProject
Project("{9A19103F-16F7-4668-BE54-9A1E7A4F7556}") = "ContactKeeper.Application", "src\Common\ContactKeeper.Application\ContactKeeper.Application.csproj", "{075D216A-63A0-47AF-B293-58D6CB125859}"
EndProject
Project("{9A19103F-16F7-4668-BE54-9A1E7A4F7556}") = "ContactKeeper.Domain", "src\Common\ContactKeeper.Domain\ContactKeeper.Domain.csproj", "{9F049E56-A2BA-4C45-9013-DF17B0A15EA6}"
EndProject
Project("{9A19103F-16F7-4668-BE54-9A1E7A4F7556}") = "ContactKeeper.Infrastructure", "src\Common\ContactKeeper.Infrastructure\ContactKeeper.Infrastructure.csproj", "{297277F2-7E9A-4252-A1A1-30C70560EBEA}"
EndProject
Project("{2150E333-8FDC-42A3-9474-1A3956D46DE8}") = "Solution Items", "Solution Items", "{12F5C0A4-CE3A-4A4E-8372-08386422F148}"
	ProjectSection(SolutionItems) = preProject
		.editorconfig = .editorconfig
	EndProjectSection
EndProject
Global
	GlobalSection(SolutionConfigurationPlatforms) = preSolution
		Debug|Any CPU = Debug|Any CPU
		Release|Any CPU = Release|Any CPU
	EndGlobalSection
	GlobalSection(ProjectConfigurationPlatforms) = postSolution
		{B8F5DCCC-7C6F-4294-907F-BA27EFEAD853}.Debug|Any CPU.ActiveCfg = Debug|Any CPU
		{B8F5DCCC-7C6F-4294-907F-BA27EFEAD853}.Debug|Any CPU.Build.0 = Debug|Any CPU
		{B8F5DCCC-7C6F-4294-907F-BA27EFEAD853}.Release|Any CPU.ActiveCfg = Release|Any CPU
		{B8F5DCCC-7C6F-4294-907F-BA27EFEAD853}.Release|Any CPU.Build.0 = Release|Any CPU
		{C50A1D83-C039-4420-9AFE-C497C07E01D2}.Debug|Any CPU.ActiveCfg = Debug|Any CPU
		{C50A1D83-C039-4420-9AFE-C497C07E01D2}.Debug|Any CPU.Build.0 = Debug|Any CPU
		{C50A1D83-C039-4420-9AFE-C497C07E01D2}.Release|Any CPU.ActiveCfg = Release|Any CPU
		{C50A1D83-C039-4420-9AFE-C497C07E01D2}.Release|Any CPU.Build.0 = Release|Any CPU
		{1F78AFCE-8B7B-4A98-A09D-BE185694488F}.Debug|Any CPU.ActiveCfg = Debug|Any CPU
		{1F78AFCE-8B7B-4A98-A09D-BE185694488F}.Debug|Any CPU.Build.0 = Debug|Any CPU
		{1F78AFCE-8B7B-4A98-A09D-BE185694488F}.Release|Any CPU.ActiveCfg = Release|Any CPU
		{1F78AFCE-8B7B-4A98-A09D-BE185694488F}.Release|Any CPU.Build.0 = Release|Any CPU
		{FC8F94B3-73D3-42E6-81C8-D1061F3F0CA5}.Debug|Any CPU.ActiveCfg = Debug|Any CPU
		{FC8F94B3-73D3-42E6-81C8-D1061F3F0CA5}.Debug|Any CPU.Build.0 = Debug|Any CPU
		{FC8F94B3-73D3-42E6-81C8-D1061F3F0CA5}.Release|Any CPU.ActiveCfg = Release|Any CPU
		{FC8F94B3-73D3-42E6-81C8-D1061F3F0CA5}.Release|Any CPU.Build.0 = Release|Any CPU
		{075D216A-63A0-47AF-B293-58D6CB125859}.Debug|Any CPU.ActiveCfg = Debug|Any CPU
		{075D216A-63A0-47AF-B293-58D6CB125859}.Debug|Any CPU.Build.0 = Debug|Any CPU
		{075D216A-63A0-47AF-B293-58D6CB125859}.Release|Any CPU.ActiveCfg = Release|Any CPU
		{075D216A-63A0-47AF-B293-58D6CB125859}.Release|Any CPU.Build.0 = Release|Any CPU
		{9F049E56-A2BA-4C45-9013-DF17B0A15EA6}.Debug|Any CPU.ActiveCfg = Debug|Any CPU
		{9F049E56-A2BA-4C45-9013-DF17B0A15EA6}.Debug|Any CPU.Build.0 = Debug|Any CPU
		{9F049E56-A2BA-4C45-9013-DF17B0A15EA6}.Release|Any CPU.ActiveCfg = Release|Any CPU
		{9F049E56-A2BA-4C45-9013-DF17B0A15EA6}.Release|Any CPU.Build.0 = Release|Any CPU
		{297277F2-7E9A-4252-A1A1-30C70560EBEA}.Debug|Any CPU.ActiveCfg = Debug|Any CPU
		{297277F2-7E9A-4252-A1A1-30C70560EBEA}.Debug|Any CPU.Build.0 = Debug|Any CPU
		{297277F2-7E9A-4252-A1A1-30C70560EBEA}.Release|Any CPU.ActiveCfg = Release|Any CPU
		{297277F2-7E9A-4252-A1A1-30C70560EBEA}.Release|Any CPU.Build.0 = Release|Any CPU
	EndGlobalSection
	GlobalSection(SolutionProperties) = preSolution
		HideSolutionNode = FALSE
	EndGlobalSection
	GlobalSection(NestedProjects) = preSolution
		{D638410D-08F3-4042-85CD-1A12F58C06D8} = {D2A70E84-194F-4531-AA81-82729A26F364}
		{27A946BF-09D5-4B8D-B71F-BE4E6FCEACF0} = {D2A70E84-194F-4531-AA81-82729A26F364}
		{B8F5DCCC-7C6F-4294-907F-BA27EFEAD853} = {F8A7E80E-BA7E-40A5-A950-D63ABA0EC731}
		{C50A1D83-C039-4420-9AFE-C497C07E01D2} = {F8A7E80E-BA7E-40A5-A950-D63ABA0EC731}
		{1F78AFCE-8B7B-4A98-A09D-BE185694488F} = {F8A7E80E-BA7E-40A5-A950-D63ABA0EC731}
		{FC8F94B3-73D3-42E6-81C8-D1061F3F0CA5} = {D638410D-08F3-4042-85CD-1A12F58C06D8}
		{075D216A-63A0-47AF-B293-58D6CB125859} = {27A946BF-09D5-4B8D-B71F-BE4E6FCEACF0}
		{9F049E56-A2BA-4C45-9013-DF17B0A15EA6} = {27A946BF-09D5-4B8D-B71F-BE4E6FCEACF0}
		{297277F2-7E9A-4252-A1A1-30C70560EBEA} = {27A946BF-09D5-4B8D-B71F-BE4E6FCEACF0}
	EndGlobalSection
	GlobalSection(ExtensibilityGlobals) = postSolution
		SolutionGuid = {35E1D188-84DC-4673-B815-9E76A22A070C}
	EndGlobalSection
EndGlobal
